
Microsoft Visual Studio Solution File, Format Version 12.00
# Visual Studio Version 17
VisualStudioVersion = 17.10.34902.84
MinimumVisualStudioVersion = 10.0.40219.1
Project("{FAE04EC0-301F-11D3-BF4B-00C04F79EFBC}") = "MaktabKitoblar", "MaktabKitoblar\MaktabKitoblar.csproj", "{2DA6E925-F263-403D-8E13-AD12563AFC7B}"
EndProject
Global
	GlobalSection(SolutionConfigurationPlatforms) = preSolution
		Debug|Any CPU = Debug|Any CPU
		Release|Any CPU = Release|Any CPU
	EndGlobalSection
	GlobalSection(ProjectConfigurationPlatforms) = postSolution
		{2DA6E925-F263-403D-8E13-AD12563AFC7B}.Debug|Any CPU.ActiveCfg = Debug|Any CPU
		{2DA6E925-F263-403D-8E13-AD12563AFC7B}.Debug|Any CPU.Build.0 = Debug|Any CPU
		{2DA6E925-F263-403D-8E13-AD12563AFC7B}.Release|Any CPU.ActiveCfg = Release|Any CPU
		{2DA6E925-F263-403D-8E13-AD12563AFC7B}.Release|Any CPU.Build.0 = Release|Any CPU
	EndGlobalSection
	GlobalSection(SolutionProperties) = preSolution
		HideSolutionNode = FALSE
	EndGlobalSection
	GlobalSection(ExtensibilityGlobals) = postSolution
		SolutionGuid = {FB7014DE-2728-4047-BF17-9682504B3CE6}
	EndGlobalSection
EndGlobal
